
Microsoft Visual Studio Solution File, Format Version 12.00
# Visual Studio 15
VisualStudioVersion = 15.0.28307.329
MinimumVisualStudioVersion = 10.0.40219.1
Project("{E24C65DC-7377-472B-9ABA-BC803B73C61A}") = "InterpolationGenerator", "src\InterpolationGenerator\", "{C878D74B-A7B0-4F51-82BA-5D5048BDE098}"
	ProjectSection(WebsiteProperties) = preProject
		TargetFrameworkMoniker = ".NETFramework,Version%3Dv4.0"
		Debug.AspNetCompiler.VirtualPath = "/localhost_55738"
		Debug.AspNetCompiler.PhysicalPath = "src\InterpolationGenerator\"
		Debug.AspNetCompiler.TargetPath = "PrecompiledWeb\localhost_55738\"
		Debug.AspNetCompiler.Updateable = "true"
		Debug.AspNetCompiler.ForceOverwrite = "true"
		Debug.AspNetCompiler.FixedNames = "false"
		Debug.AspNetCompiler.Debug = "True"
		Release.AspNetCompiler.VirtualPath = "/localhost_55738"
		Release.AspNetCompiler.PhysicalPath = "src\InterpolationGenerator\"
		Release.AspNetCompiler.TargetPath = "PrecompiledWeb\localhost_55738\"
		Release.AspNetCompiler.Updateable = "true"
		Release.AspNetCompiler.ForceOverwrite = "true"
		Release.AspNetCompiler.FixedNames = "false"
		Release.AspNetCompiler.Debug = "False"
		VWDPort = "55738"
	EndProjectSection
EndProject
Global
	GlobalSection(SolutionConfigurationPlatforms) = preSolution
		Debug|Any CPU = Debug|Any CPU
	EndGlobalSection
	GlobalSection(ProjectConfigurationPlatforms) = postSolution
		{C878D74B-A7B0-4F51-82BA-5D5048BDE098}.Debug|Any CPU.ActiveCfg = Debug|Any CPU
		{C878D74B-A7B0-4F51-82BA-5D5048BDE098}.Debug|Any CPU.Build.0 = Debug|Any CPU
	EndGlobalSection
	GlobalSection(SolutionProperties) = preSolution
		HideSolutionNode = FALSE
	EndGlobalSection
	GlobalSection(ExtensibilityGlobals) = postSolution
		SolutionGuid = {64C1E491-51D1-4C02-8228-F8E203DFD43E}
	EndGlobalSection
EndGlobal
